
Microsoft Visual Studio Solution File, Format Version 12.00
# Visual Studio Version 17
VisualStudioVersion = 17.8.34525.116
MinimumVisualStudioVersion = 10.0.40219.1
Project("{9A19103F-16F7-4668-BE54-9A1E7A4F7556}") = "Rx.Http.CodeGen", "Rx.Http.CodeGen\Rx.Http.CodeGen.csproj", "{F265BE9F-DA6F-459C-A9D5-CDB8E30C6D54}"
EndProject
Global
	GlobalSection(SolutionConfigurationPlatforms) = preSolution
		Debug|Any CPU = Debug|Any CPU
		Release|Any CPU = Release|Any CPU
	EndGlobalSection
	GlobalSection(ProjectConfigurationPlatforms) = postSolution
		{F265BE9F-DA6F-459C-A9D5-CDB8E30C6D54}.Debug|Any CPU.ActiveCfg = Debug|Any CPU
		{F265BE9F-DA6F-459C-A9D5-CDB8E30C6D54}.Debug|Any CPU.Build.0 = Debug|Any CPU
		{F265BE9F-DA6F-459C-A9D5-CDB8E30C6D54}.Release|Any CPU.ActiveCfg = Release|Any CPU
		{F265BE9F-DA6F-459C-A9D5-CDB8E30C6D54}.Release|Any CPU.Build.0 = Release|Any CPU
	EndGlobalSection
	GlobalSection(SolutionProperties) = preSolution
		HideSolutionNode = FALSE
	EndGlobalSection
	GlobalSection(ExtensibilityGlobals) = postSolution
		SolutionGuid = {FD031708-889D-4215-A789-AFA8E3C3ADD9}
	EndGlobalSection
EndGlobal
